// !$*UTF8*$!
{
	archiveVersion = 1;
	classes = {
	};
	objectVersion = 55;
	objects = {

/* Begin PBXBuildFile section */
		E5FA52BD2759E7AD003B2FAD /* AppDelegate.swift in Sources */ = {isa = PBXBuildFile; fileRef = E5FA52BC2759E7AD003B2FAD /* AppDelegate.swift */; };
		E5FA52BF2759E7AD003B2FAD /* SceneDelegate.swift in Sources */ = {isa = PBXBuildFile; fileRef = E5FA52BE2759E7AD003B2FAD /* SceneDelegate.swift */; };
		E5FA52C12759E7AD003B2FAD /* ViewController.swift in Sources */ = {isa = PBXBuildFile; fileRef = E5FA52C02759E7AD003B2FAD /* ViewController.swift */; };
		E5FA52C42759E7AD003B2FAD /* Main.storyboard in Resources */ = {isa = PBXBuildFile; fileRef = E5FA52C22759E7AD003B2FAD /* Main.storyboard */; };
		E5FA52C62759E7AF003B2FAD /* Assets.xcassets in Resources */ = {isa = PBXBuildFile; fileRef = E5FA52C52759E7AF003B2FAD /* Assets.xcassets */; };
		E5FA52C92759E7AF003B2FAD /* LaunchScreen.storyboard in Resources */ = {isa = PBXBuildFile; fileRef = E5FA52C72759E7AF003B2FAD /* LaunchScreen.storyboard */; };
		E5FA52D42759E7B0003B2FAD /* preworkTests.swift in Sources */ = {isa = PBXBuildFile; fileRef = E5FA52D32759E7B0003B2FAD /* preworkTests.swift */; };
		E5FA52DE2759E7B0003B2FAD /* preworkUITests.swift in Sources */ = {isa = PBXBuildFile; fileRef = E5FA52DD2759E7B0003B2FAD /* preworkUITests.swift */; };
		E5FA52E02759E7B0003B2FAD /* preworkUITestsLaunchTests.swift in Sources */ = {isa = PBXBuildFile; fileRef = E5FA52DF2759E7B0003B2FAD /* preworkUITestsLaunchTests.swift */; };
		E5FA52ED275AB9A6003B2FAD /* SettingsViewController.swift in Sources */ = {isa = PBXBuildFile; fileRef = E5FA52EC275AB9A6003B2FAD /* SettingsViewController.swift */; };
		E5FA52EF275AC51E003B2FAD /* giphy.gif in Resources */ = {isa = PBXBuildFile; fileRef = E5FA52EE275AC51E003B2FAD /* giphy.gif */; };
/* End PBXBuildFile section */

/* Begin PBXContainerItemProxy section */
		E5FA52D02759E7B0003B2FAD /* PBXContainerItemProxy */ = {
			isa = PBXContainerItemProxy;
			containerPortal = E5FA52B12759E7AD003B2FAD /* Project object */;
			proxyType = 1;
			remoteGlobalIDString = E5FA52B82759E7AD003B2FAD;
			remoteInfo = prework;
		};
		E5FA52DA2759E7B0003B2FAD /* PBXContainerItemProxy */ = {
			isa = PBXContainerItemProxy;
			containerPortal = E5FA52B12759E7AD003B2FAD /* Project object */;
			proxyType = 1;
			remoteGlobalIDString = E5FA52B82759E7AD003B2FAD;
			remoteInfo = prework;
		};
/* End PBXContainerItemProxy section */

/* Begin PBXFileReference section */
		E5FA52B92759E7AD003B2FAD /* prework.app */ = {isa = PBXFileReference; explicitFileType = wrapper.application; includeInIndex = 0; path = prework.app; sourceTree = BUILT_PRODUCTS_DIR; };
		E5FA52BC2759E7AD003B2FAD /* AppDelegate.swift */ = {isa = PBXFileReference; lastKnownFileType = sourcecode.swift; path = AppDelegate.swift; sourceTree = "<group>"; };
		E5FA52BE2759E7AD003B2FAD /* SceneDelegate.swift */ = {isa = PBXFileReference; lastKnownFileType = sourcecode.swift; path = SceneDelegate.swift; sourceTree = "<group>"; };
		E5FA52C02759E7AD003B2FAD /* ViewController.swift */ = {isa = PBXFileReference; lastKnownFileType = sourcecode.swift; path = ViewController.swift; sourceTree = "<group>"; };
		E5FA52C32759E7AD003B2FAD /* Base */ = {isa = PBXFileReference; lastKnownFileType = file.storyboard; name = Base; path = Base.lproj/Main.storyboard; sourceTree = "<group>"; };
		E5FA52C52759E7AF003B2FAD /* Assets.xcassets */ = {isa = PBXFileReference; lastKnownFileType = folder.assetcatalog; path = Assets.xcassets; sourceTree = "<group>"; };
		E5FA52C82759E7AF003B2FAD /* Base */ = {isa = PBXFileReference; lastKnownFileType = file.storyboard; name = Base; path = Base.lproj/LaunchScreen.storyboard; sourceTree = "<group>"; };
		E5FA52CA2759E7AF003B2FAD /* Info.plist */ = {isa = PBXFileReference; lastKnownFileType = text.plist.xml; path = Info.plist; sourceTree = "<group>"; };
		E5FA52CF2759E7B0003B2FAD /* preworkTests.xctest */ = {isa = PBXFileReference; explicitFileType = wrapper.cfbundle; includeInIndex = 0; path = preworkTests.xctest; sourceTree = BUILT_PRODUCTS_DIR; };
		E5FA52D32759E7B0003B2FAD /* preworkTests.swift */ = {isa = PBXFileReference; lastKnownFileType = sourcecode.swift; path = preworkTests.swift; sourceTree = "<group>"; };
		E5FA52D92759E7B0003B2FAD /* preworkUITests.xctest */ = {isa = PBXFileReference; explicitFileType = wrapper.cfbundle; includeInIndex = 0; path = preworkUITests.xctest; sourceTree = BUILT_PRODUCTS_DIR; };
		E5FA52DD2759E7B0003B2FAD /* preworkUITests.swift */ = {isa = PBXFileReference; lastKnownFileType = sourcecode.swift; path = preworkUITests.swift; sourceTree = "<group>"; };
		E5FA52DF2759E7B0003B2FAD /* preworkUITestsLaunchTests.swift */ = {isa = PBXFileReference; lastKnownFileType = sourcecode.swift; path = preworkUITestsLaunchTests.swift; sourceTree = "<group>"; };
		E5FA52EC275AB9A6003B2FAD /* SettingsViewController.swift */ = {isa = PBXFileReference; lastKnownFileType = sourcecode.swift; path = SettingsViewController.swift; sourceTree = "<group>"; };
		E5FA52EE275AC51E003B2FAD /* giphy.gif */ = {isa = PBXFileReference; lastKnownFileType = image.gif; path = giphy.gif; sourceTree = "<group>"; };
/* End PBXFileReference section */

/* Begin PBXFrameworksBuildPhase section */
		E5FA52B62759E7AD003B2FAD /* Frameworks */ = {
			isa = PBXFrameworksBuildPhase;
			buildActionMask = 2147483647;
			files = (
			);
			runOnlyForDeploymentPostprocessing = 0;
		};
		E5FA52CC2759E7B0003B2FAD /* Frameworks */ = {
			isa = PBXFrameworksBuildPhase;
			buildActionMask = 2147483647;
			files = (
			);
			runOnlyForDeploymentPostprocessing = 0;
		};
		E5FA52D62759E7B0003B2FAD /* Frameworks */ = {
			isa = PBXFrameworksBuildPhase;
			buildActionMask = 2147483647;
			files = (
			);
			runOnlyForDeploymentPostprocessing = 0;
		};
/* End PBXFrameworksBuildPhase section */

/* Begin PBXGroup section */
		E5FA52B02759E7AD003B2FAD = {
			isa = PBXGroup;
			children = (
				E5FA52BB2759E7AD003B2FAD /* prework */,
				E5FA52D22759E7B0003B2FAD /* preworkTests */,
				E5FA52DC2759E7B0003B2FAD /* preworkUITests */,
				E5FA52BA2759E7AD003B2FAD /* Products */,
			);
			sourceTree = "<group>";
		};
		E5FA52BA2759E7AD003B2FAD /* Products */ = {
			isa = PBXGroup;
			children = (
				E5FA52B92759E7AD003B2FAD /* prework.app */,
				E5FA52CF2759E7B0003B2FAD /* preworkTests.xctest */,
				E5FA52D92759E7B0003B2FAD /* preworkUITests.xctest */,
			);
			name = Products;
			sourceTree = "<group>";
		};
		E5FA52BB2759E7AD003B2FAD /* prework */ = {
			isa = PBXGroup;
			children = (
				E5FA52BC2759E7AD003B2FAD /* AppDelegate.swift */,
				E5FA52BE2759E7AD003B2FAD /* SceneDelegate.swift */,
				E5FA52C02759E7AD003B2FAD /* ViewController.swift */,
				E5FA52C22759E7AD003B2FAD /* Main.storyboard */,
				E5FA52EC275AB9A6003B2FAD /* SettingsViewController.swift */,
				E5FA52C52759E7AF003B2FAD /* Assets.xcassets */,
				E5FA52C72759E7AF003B2FAD /* LaunchScreen.storyboard */,
				E5FA52CA2759E7AF003B2FAD /* Info.plist */,
				E5FA52EE275AC51E003B2FAD /* giphy.gif */,
			);
			path = prework;
			sourceTree = "<group>";
		};
		E5FA52D22759E7B0003B2FAD /* preworkTests */ = {
			isa = PBXGroup;
			children = (
				E5FA52D32759E7B0003B2FAD /* preworkTests.swift */,
			);
			path = preworkTests;
			sourceTree = "<group>";
		};
		E5FA52DC2759E7B0003B2FAD /* preworkUITests */ = {
			isa = PBXGroup;
			children = (
				E5FA52DD2759E7B0003B2FAD /* preworkUITests.swift */,
				E5FA52DF2759E7B0003B2FAD /* preworkUITestsLaunchTests.swift */,
			);
			path = preworkUITests;
			sourceTree = "<group>";
		};
/* End PBXGroup section */

/* Begin PBXNativeTarget section */
		E5FA52B82759E7AD003B2FAD /* prework */ = {
			isa = PBXNativeTarget;
			buildConfigurationList = E5FA52E32759E7B0003B2FAD /* Build configuration list for PBXNativeTarget "prework" */;
			buildPhases = (
				E5FA52B52759E7AD003B2FAD /* Sources */,
				E5FA52B62759E7AD003B2FAD /* Frameworks */,
				E5FA52B72759E7AD003B2FAD /* Resources */,
			);
			buildRules = (
			);
			dependencies = (
			);
			name = prework;
			productName = prework;
			productReference = E5FA52B92759E7AD003B2FAD /* prework.app */;
			productType = "com.apple.product-type.application";
		};
		E5FA52CE2759E7B0003B2FAD /* preworkTests */ = {
			isa = PBXNativeTarget;
			buildConfigurationList = E5FA52E62759E7B0003B2FAD /* Build configuration list for PBXNativeTarget "preworkTests" */;
			buildPhases = (
				E5FA52CB2759E7B0003B2FAD /* Sources */,
				E5FA52CC2759E7B0003B2FAD /* Frameworks */,
				E5FA52CD2759E7B0003B2FAD /* Resources */,
			);
			buildRules = (
			);
			dependencies = (
				E5FA52D12759E7B0003B2FAD /* PBXTargetDependency */,
			);
			name = preworkTests;
			productName = preworkTests;
			productReference = E5FA52CF2759E7B0003B2FAD /* preworkTests.xctest */;
			productType = "com.apple.product-type.bundle.unit-test";
		};
		E5FA52D82759E7B0003B2FAD /* preworkUITests */ = {
			isa = PBXNativeTarget;
			buildConfigurationList = E5FA52E92759E7B0003B2FAD /* Build configuration list for PBXNativeTarget "preworkUITests" */;
			buildPhases = (
				E5FA52D52759E7B0003B2FAD /* Sources */,
				E5FA52D62759E7B0003B2FAD /* Frameworks */,
				E5FA52D72759E7B0003B2FAD /* Resources */,
			);
			buildRules = (
			);
			dependencies = (
				E5FA52DB2759E7B0003B2FAD /* PBXTargetDependency */,
			);
			name = preworkUITests;
			productName = preworkUITests;
			productReference = E5FA52D92759E7B0003B2FAD /* preworkUITests.xctest */;
			productType = "com.apple.product-type.bundle.ui-testing";
		};
/* End PBXNativeTarget section */

/* Begin PBXProject section */
		E5FA52B12759E7AD003B2FAD /* Project object */ = {
			isa = PBXProject;
			attributes = {
				BuildIndependentTargetsInParallel = 1;
				LastSwiftUpdateCheck = 1310;
				LastUpgradeCheck = 1310;
				TargetAttributes = {
					E5FA52B82759E7AD003B2FAD = {
						CreatedOnToolsVersion = 13.1;
					};
					E5FA52CE2759E7B0003B2FAD = {
						CreatedOnToolsVersion = 13.1;
						TestTargetID = E5FA52B82759E7AD003B2FAD;
					};
					E5FA52D82759E7B0003B2FAD = {
						CreatedOnToolsVersion = 13.1;
						TestTargetID = E5FA52B82759E7AD003B2FAD;
					};
				};
			};
			buildConfigurationList = E5FA52B42759E7AD003B2FAD /* Build configuration list for PBXProject "prework" */;
			compatibilityVersion = "Xcode 13.0";
			developmentRegion = en;
			hasScannedForEncodings = 0;
			knownRegions = (
				en,
				Base,
			);
			mainGroup = E5FA52B02759E7AD003B2FAD;
			productRefGroup = E5FA52BA2759E7AD003B2FAD /* Products */;
			projectDirPath = "";
			projectRoot = "";
			targets = (
				E5FA52B82759E7AD003B2FAD /* prework */,
				E5FA52CE2759E7B0003B2FAD /* preworkTests */,
				E5FA52D82759E7B0003B2FAD /* preworkUITests */,
			);
		};
/* End PBXProject section */

/* Begin PBXResourcesBuildPhase section */
		E5FA52B72759E7AD003B2FAD /* Resources */ = {
			isa = PBXResourcesBuildPhase;
			buildActionMask = 2147483647;
			files = (
				E5FA52C92759E7AF003B2FAD /* LaunchScreen.storyboard in Resources */,
				E5FA52C62759E7AF003B2FAD /* Assets.xcassets in Resources */,
				E5FA52EF275AC51E003B2FAD /* giphy.gif in Resources */,
				E5FA52C42759E7AD003B2FAD /* Main.storyboard in Resources */,
			);
			runOnlyForDeploymentPostprocessing = 0;
		};
		E5FA52CD2759E7B0003B2FAD /* Resources */ = {
			isa = PBXResourcesBuildPhase;
			buildActionMask = 2147483647;
			files = (
			);
			runOnlyForDeploymentPostprocessing = 0;
		};
		E5FA52D72759E7B0003B2FAD /* Resources */ = {
			isa = PBXResourcesBuildPhase;
			buildActionMask = 2147483647;
			files = (
			);
			runOnlyForDeploymentPostprocessing = 0;
		};
/* End PBXResourcesBuildPhase section */

/* Begin PBXSourcesBuildPhase section */
		E5FA52B52759E7AD003B2FAD /* Sources */ = {
			isa = PBXSourcesBuildPhase;
			buildActionMask = 2147483647;
			files = (
				E5FA52C12759E7AD003B2FAD /* ViewController.swift in Sources */,
				E5FA52BD2759E7AD003B2FAD /* AppDelegate.swift in Sources */,
				E5FA52BF2759E7AD003B2FAD /* SceneDelegate.swift in Sources */,
				E5FA52ED275AB9A6003B2FAD /* SettingsViewController.swift in Sources */,
			);
			runOnlyForDeploymentPostprocessing = 0;
		};
		E5FA52CB2759E7B0003B2FAD /* Sources */ = {
			isa = PBXSourcesBuildPhase;
			buildActionMask = 2147483647;
			files = (
				E5FA52D42759E7B0003B2FAD /* preworkTests.swift in Sources */,
			);
			runOnlyForDeploymentPostprocessing = 0;
		};
		E5FA52D52759E7B0003B2FAD /* Sources */ = {
			isa = PBXSourcesBuildPhase;
			buildActionMask = 2147483647;
			files = (
				E5FA52DE2759E7B0003B2FAD /* preworkUITests.swift in Sources */,
				E5FA52E02759E7B0003B2FAD /* preworkUITestsLaunchTests.swift in Sources */,
			);
			runOnlyForDeploymentPostprocessing = 0;
		};
/* End PBXSourcesBuildPhase section */

/* Begin PBXTargetDependency section */
		E5FA52D12759E7B0003B2FAD /* PBXTargetDependency */ = {
			isa = PBXTargetDependency;
			target = E5FA52B82759E7AD003B2FAD /* prework */;
			targetProxy = E5FA52D02759E7B0003B2FAD /* PBXContainerItemProxy */;
		};
		E5FA52DB2759E7B0003B2FAD /* PBXTargetDependency */ = {
			isa = PBXTargetDependency;
			target = E5FA52B82759E7AD003B2FAD /* prework */;
			targetProxy = E5FA52DA2759E7B0003B2FAD /* PBXContainerItemProxy */;
		};
/* End PBXTargetDependency section */

/* Begin PBXVariantGroup section */
		E5FA52C22759E7AD003B2FAD /* Main.storyboard */ = {
			isa = PBXVariantGroup;
			children = (
				E5FA52C32759E7AD003B2FAD /* Base */,
			);
			name = Main.storyboard;
			sourceTree = "<group>";
		};
		E5FA52C72759E7AF003B2FAD /* LaunchScreen.storyboard */ = {
			isa = PBXVariantGroup;
			children = (
				E5FA52C82759E7AF003B2FAD /* Base */,
			);
			name = LaunchScreen.storyboard;
			sourceTree = "<group>";
		};
/* End PBXVariantGroup section */

/* Begin XCBuildConfiguration section */
		E5FA52E12759E7B0003B2FAD /* Debug */ = {
			isa = XCBuildConfiguration;
			buildSettings = {
				ALWAYS_SEARCH_USER_PATHS = NO;
				CLANG_ANALYZER_NONNULL = YES;
				CLANG_ANALYZER_NUMBER_OBJECT_CONVERSION = YES_AGGRESSIVE;
				CLANG_CXX_LANGUAGE_STANDARD = "gnu++17";
				CLANG_CXX_LIBRARY = "libc++";
				CLANG_ENABLE_MODULES = YES;
				CLANG_ENABLE_OBJC_ARC = YES;
				CLANG_ENABLE_OBJC_WEAK = YES;
				CLANG_WARN_BLOCK_CAPTURE_AUTORELEASING = YES;
				CLANG_WARN_BOOL_CONVERSION = YES;
				CLANG_WARN_COMMA = YES;
				CLANG_WARN_CONSTANT_CONVERSION = YES;
				CLANG_WARN_DEPRECATED_OBJC_IMPLEMENTATIONS = YES;
				CLANG_WARN_DIRECT_OBJC_ISA_USAGE = YES_ERROR;
				CLANG_WARN_DOCUMENTATION_COMMENTS = YES;
				CLANG_WARN_EMPTY_BODY = YES;
				CLANG_WARN_ENUM_CONVERSION = YES;
				CLANG_WARN_INFINITE_RECURSION = YES;
				CLANG_WARN_INT_CONVERSION = YES;
				CLANG_WARN_NON_LITERAL_NULL_CONVERSION = YES;
				CLANG_WARN_OBJC_IMPLICIT_RETAIN_SELF = YES;
				CLANG_WARN_OBJC_LITERAL_CONVERSION = YES;
				CLANG_WARN_OBJC_ROOT_CLASS = YES_ERROR;
				CLANG_WARN_QUOTED_INCLUDE_IN_FRAMEWORK_HEADER = YES;
				CLANG_WARN_RANGE_LOOP_ANALYSIS = YES;
				CLANG_WARN_STRICT_PROTOTYPES = YES;
				CLANG_WARN_SUSPICIOUS_MOVE = YES;
				CLANG_WARN_UNGUARDED_AVAILABILITY = YES_AGGRESSIVE;
				CLANG_WARN_UNREACHABLE_CODE = YES;
				CLANG_WARN__DUPLICATE_METHOD_MATCH = YES;
				COPY_PHASE_STRIP = NO;
				DEBUG_INFORMATION_FORMAT = dwarf;
				ENABLE_STRICT_OBJC_MSGSEND = YES;
				ENABLE_TESTABILITY = YES;
				GCC_C_LANGUAGE_STANDARD = gnu11;
				GCC_DYNAMIC_NO_PIC = NO;
				GCC_NO_COMMON_BLOCKS = YES;
				GCC_OPTIMIZATION_LEVEL = 0;
				GCC_PREPROCESSOR_DEFINITIONS = (
					"DEBUG=1",
					"$(inherited)",
				);
				GCC_WARN_64_TO_32_BIT_CONVERSION = YES;
				GCC_WARN_ABOUT_RETURN_TYPE = YES_ERROR;
				GCC_WARN_UNDECLARED_SELECTOR = YES;
				GCC_WARN_UNINITIALIZED_AUTOS = YES_AGGRESSIVE;
				GCC_WARN_UNUSED_FUNCTION = YES;
				GCC_WARN_UNUSED_VARIABLE = YES;
				IPHONEOS_DEPLOYMENT_TARGET = 15.0;
				MTL_ENABLE_DEBUG_INFO = INCLUDE_SOURCE;
				MTL_FAST_MATH = YES;
				ONLY_ACTIVE_ARCH = YES;
				SDKROOT = iphoneos;
				SWIFT_ACTIVE_COMPILATION_CONDITIONS = DEBUG;
				SWIFT_OPTIMIZATION_LEVEL = "-Onone";
			};
			name = Debug;
		};
		E5FA52E22759E7B0003B2FAD /* Release */ = {
			isa = XCBuildConfiguration;
			buildSettings = {
				ALWAYS_SEARCH_USER_PATHS = NO;
				CLANG_ANALYZER_NONNULL = YES;
				CLANG_ANALYZER_NUMBER_OBJECT_CONVERSION = YES_AGGRESSIVE;
				CLANG_CXX_LANGUAGE_STANDARD = "gnu++17";
				CLANG_CXX_LIBRARY = "libc++";
				CLANG_ENABLE_MODULES = YES;
				CLANG_ENABLE_OBJC_ARC = YES;
				CLANG_ENABLE_OBJC_WEAK = YES;
				CLANG_WARN_BLOCK_CAPTURE_AUTORELEASING = YES;
				CLANG_WARN_BOOL_CONVERSION = YES;
				CLANG_WARN_COMMA = YES;
				CLANG_WARN_CONSTANT_CONVERSION = YES;
				CLANG_WARN_DEPRECATED_OBJC_IMPLEMENTATIONS = YES;
				CLANG_WARN_DIRECT_OBJC_ISA_USAGE = YES_ERROR;
				CLANG_WARN_DOCUMENTATION_COMMENTS = YES;
				CLANG_WARN_EMPTY_BODY = YES;
				CLANG_WARN_ENUM_CONVERSION = YES;
				CLANG_WARN_INFINITE_RECURSION = YES;
				CLANG_WARN_INT_CONVERSION = YES;
				CLANG_WARN_NON_LITERAL_NULL_CONVERSION = YES;
				CLANG_WARN_OBJC_IMPLICIT_RETAIN_SELF = YES;
				CLANG_WARN_OBJC_LITERAL_CONVERSION = YES;
				CLANG_WARN_OBJC_ROOT_CLASS = YES_ERROR;
				CLANG_WARN_QUOTED_INCLUDE_IN_FRAMEWORK_HEADER = YES;
				CLANG_WARN_RANGE_LOOP_ANALYSIS = YES;
				CLANG_WARN_STRICT_PROTOTYPES = YES;
				CLANG_WARN_SUSPICIOUS_MOVE = YES;
				CLANG_WARN_UNGUARDED_AVAILABILITY = YES_AGGRESSIVE;
				CLANG_WARN_UNREACHABLE_CODE = YES;
				CLANG_WARN__DUPLICATE_METHOD_MATCH = YES;
				COPY_PHASE_STRIP = NO;
				DEBUG_INFORMATION_FORMAT = "dwarf-with-dsym";
				ENABLE_NS_ASSERTIONS = NO;
				ENABLE_STRICT_OBJC_MSGSEND = YES;
				GCC_C_LANGUAGE_STANDARD = gnu11;
				GCC_NO_COMMON_BLOCKS = YES;
				GCC_WARN_64_TO_32_BIT_CONVERSION = YES;
				GCC_WARN_ABOUT_RETURN_TYPE = YES_ERROR;
				GCC_WARN_UNDECLARED_SELECTOR = YES;
				GCC_WARN_UNINITIALIZED_AUTOS = YES_AGGRESSIVE;
				GCC_WARN_UNUSED_FUNCTION = YES;
				GCC_WARN_UNUSED_VARIABLE = YES;
				IPHONEOS_DEPLOYMENT_TARGET = 15.0;
				MTL_ENABLE_DEBUG_INFO = NO;
				MTL_FAST_MATH = YES;
				SDKROOT = iphoneos;
				SWIFT_COMPILATION_MODE = wholemodule;
				SWIFT_OPTIMIZATION_LEVEL = "-O";
				VALIDATE_PRODUCT = YES;
			};
			name = Release;
		};
		E5FA52E42759E7B0003B2FAD /* Debug */ = {
			isa = XCBuildConfiguration;
			buildSettings = {
				ASSETCATALOG_COMPILER_APPICON_NAME = AppIcon;
				ASSETCATALOG_COMPILER_GLOBAL_ACCENT_COLOR_NAME = AccentColor;
				CODE_SIGN_STYLE = Automatic;
				CURRENT_PROJECT_VERSION = 1;
				GENERATE_INFOPLIST_FILE = YES;
				INFOPLIST_FILE = prework/Info.plist;
				INFOPLIST_KEY_UIApplicationSupportsIndirectInputEvents = YES;
				INFOPLIST_KEY_UILaunchStoryboardName = LaunchScreen;
				INFOPLIST_KEY_UIMainStoryboardFile = Main;
				INFOPLIST_KEY_UISupportedInterfaceOrientations_iPad = "UIInterfaceOrientationPortrait UIInterfaceOrientationPortraitUpsideDown UIInterfaceOrientationLandscapeLeft UIInterfaceOrientationLandscapeRight";
				INFOPLIST_KEY_UISupportedInterfaceOrientations_iPhone = "UIInterfaceOrientationPortrait UIInterfaceOrientationLandscapeLeft UIInterfaceOrientationLandscapeRight";
				LD_RUNPATH_SEARCH_PATHS = (
					"$(inherited)",
					"@executable_path/Frameworks",
				);
				MARKETING_VERSION = 1.0;
				PRODUCT_BUNDLE_IDENTIFIER = memo.com.prework;
				PRODUCT_NAME = "$(TARGET_NAME)";
				SWIFT_EMIT_LOC_STRINGS = YES;
				SWIFT_VERSION = 5.0;
				TARGETED_DEVICE_FAMILY = "1,2";
			};
			name = Debug;
		};
		E5FA52E52759E7B0003B2FAD /* Release */ = {
			isa = XCBuildConfiguration;
			buildSettings = {
				ASSETCATALOG_COMPILER_APPICON_NAME = AppIcon;
				ASSETCATALOG_COMPILER_GLOBAL_ACCENT_COLOR_NAME = AccentColor;
				CODE_SIGN_STYLE = Automatic;
				CURRENT_PROJECT_VERSION = 1;
				GENERATE_INFOPLIST_FILE = YES;
				INFOPLIST_FILE = prework/Info.plist;
				INFOPLIST_KEY_UIApplicationSupportsIndirectInputEvents = YES;
				INFOPLIST_KEY_UILaunchStoryboardName = LaunchScreen;
				INFOPLIST_KEY_UIMainStoryboardFile = Main;
				INFOPLIST_KEY_UISupportedInterfaceOrientations_iPad = "UIInterfaceOrientationPortrait UIInterfaceOrientationPortraitUpsideDown UIInterfaceOrientationLandscapeLeft UIInterfaceOrientationLandscapeRight";
				INFOPLIST_KEY_UISupportedInterfaceOrientations_iPhone = "UIInterfaceOrientationPortrait UIInterfaceOrientationLandscapeLeft UIInterfaceOrientationLandscapeRight";
				LD_RUNPATH_SEARCH_PATHS = (
					"$(inherited)",
					"@executable_path/Frameworks",
				);
				MARKETING_VERSION = 1.0;
				PRODUCT_BUNDLE_IDENTIFIER = memo.com.prework;
				PRODUCT_NAME = "$(TARGET_NAME)";
				SWIFT_EMIT_LOC_STRINGS = YES;
				SWIFT_VERSION = 5.0;
				TARGETED_DEVICE_FAMILY = "1,2";
			};
			name = Release;
		};
		E5FA52E72759E7B0003B2FAD /* Debug */ = {
			isa = XCBuildConfiguration;
			buildSettings = {
				ALWAYS_EMBED_SWIFT_STANDARD_LIBRARIES = YES;
				BUNDLE_LOADER = "$(TEST_HOST)";
				CODE_SIGN_STYLE = Automatic;
				CURRENT_PROJECT_VERSION = 1;
				GENERATE_INFOPLIST_FILE = YES;
				IPHONEOS_DEPLOYMENT_TARGET = 15.0;
				LD_RUNPATH_SEARCH_PATHS = (
					"$(inherited)",
					"@executable_path/Frameworks",
					"@loader_path/Frameworks",
				);
				MARKETING_VERSION = 1.0;
				PRODUCT_BUNDLE_IDENTIFIER = memo.com.preworkTests;
				PRODUCT_NAME = "$(TARGET_NAME)";
				SWIFT_EMIT_LOC_STRINGS = NO;
				SWIFT_VERSION = 5.0;
				TARGETED_DEVICE_FAMILY = "1,2";
				TEST_HOST = "$(BUILT_PRODUCTS_DIR)/prework.app/prework";
			};
			name = Debug;
		};
		E5FA52E82759E7B0003B2FAD /* Release */ = {
			isa = XCBuildConfiguration;
			buildSettings = {
				ALWAYS_EMBED_SWIFT_STANDARD_LIBRARIES = YES;
				BUNDLE_LOADER = "$(TEST_HOST)";
				CODE_SIGN_STYLE = Automatic;
				CURRENT_PROJECT_VERSION = 1;
				GENERATE_INFOPLIST_FILE = YES;
				IPHONEOS_DEPLOYMENT_TARGET = 15.0;
				LD_RUNPATH_SEARCH_PATHS = (
					"$(inherited)",
					"@executable_path/Frameworks",
					"@loader_path/Frameworks",
				);
				MARKETING_VERSION = 1.0;
				PRODUCT_BUNDLE_IDENTIFIER = memo.com.preworkTests;
				PRODUCT_NAME = "$(TARGET_NAME)";
				SWIFT_EMIT_LOC_STRINGS = NO;
				SWIFT_VERSION = 5.0;
				TARGETED_DEVICE_FAMILY = "1,2";
				TEST_HOST = "$(BUILT_PRODUCTS_DIR)/prework.app/prework";
			};
			name = Release;
		};
		E5FA52EA2759E7B0003B2FAD /* Debug */ = {
			isa = XCBuildConfiguration;
			buildSettings = {
				ALWAYS_EMBED_SWIFT_STANDARD_LIBRARIES = YES;
				CODE_SIGN_STYLE = Automatic;
				CURRENT_PROJECT_VERSION = 1;
				GENERATE_INFOPLIST_FILE = YES;
				LD_RUNPATH_SEARCH_PATHS = (
					"$(inherited)",
					"@executable_path/Frameworks",
					"@loader_path/Frameworks",
				);
				MARKETING_VERSION = 1.0;
				PRODUCT_BUNDLE_IDENTIFIER = memo.com.preworkUITests;
				PRODUCT_NAME = "$(TARGET_NAME)";
				SWIFT_EMIT_LOC_STRINGS = NO;
				SWIFT_VERSION = 5.0;
				TARGETED_DEVICE_FAMILY = "1,2";
				TEST_TARGET_NAME = prework;
			};
			name = Debug;
		};
		E5FA52EB2759E7B0003B2FAD /* Release */ = {
			isa = XCBuildConfiguration;
			buildSettings = {
				ALWAYS_EMBED_SWIFT_STANDARD_LIBRARIES = YES;
				CODE_SIGN_STYLE = Automatic;
				CURRENT_PROJECT_VERSION = 1;
				GENERATE_INFOPLIST_FILE = YES;
				LD_RUNPATH_SEARCH_PATHS = (
					"$(inherited)",
					"@executable_path/Frameworks",
					"@loader_path/Frameworks",
				);
				MARKETING_VERSION = 1.0;
				PRODUCT_BUNDLE_IDENTIFIER = memo.com.preworkUITests;
				PRODUCT_NAME = "$(TARGET_NAME)";
				SWIFT_EMIT_LOC_STRINGS = NO;
				SWIFT_VERSION = 5.0;
				TARGETED_DEVICE_FAMILY = "1,2";
				TEST_TARGET_NAME = prework;
			};
			name = Release;
		};
/* End XCBuildConfiguration section */

/* Begin XCConfigurationList section */
		E5FA52B42759E7AD003B2FAD /* Build configuration list for PBXProject "prework" */ = {
			isa = XCConfigurationList;
			buildConfigurations = (
				E5FA52E12759E7B0003B2FAD /* Debug */,
				E5FA52E22759E7B0003B2FAD /* Release */,
			);
			defaultConfigurationIsVisible = 0;
			defaultConfigurationName = Release;
		};
		E5FA52E32759E7B0003B2FAD /* Build configuration list for PBXNativeTarget "prework" */ = {
			isa = XCConfigurationList;
			buildConfigurations = (
				E5FA52E42759E7B0003B2FAD /* Debug */,
				E5FA52E52759E7B0003B2FAD /* Release */,
			);
			defaultConfigurationIsVisible = 0;
			defaultConfigurationName = Release;
		};
		E5FA52E62759E7B0003B2FAD /* Build configuration list for PBXNativeTarget "preworkTests" */ = {
			isa = XCConfigurationList;
			buildConfigurations = (
				E5FA52E72759E7B0003B2FAD /* Debug */,
				E5FA52E82759E7B0003B2FAD /* Release */,
			);
			defaultConfigurationIsVisible = 0;
			defaultConfigurationName = Release;
		};
		E5FA52E92759E7B0003B2FAD /* Build configuration list for PBXNativeTarget "preworkUITests" */ = {
			isa = XCConfigurationList;
			buildConfigurations = (
				E5FA52EA2759E7B0003B2FAD /* Debug */,
				E5FA52EB2759E7B0003B2FAD /* Release */,
			);
			defaultConfigurationIsVisible = 0;
			defaultConfigurationName = Release;
		};
/* End XCConfigurationList section */
	};
	rootObject = E5FA52B12759E7AD003B2FAD /* Project object */;
}
